// !$*UTF8*$!
{
	archiveVersion = 1;
	classes = {
	};
	objectVersion = 46;
	objects = {

/* Begin PBXBuildFile section */
		6522D12C1B85CA600078E83F /* PersonCollectionViewCell.swift in Sources */ = {isa = PBXBuildFile; fileRef = 6522D12B1B85CA600078E83F /* PersonCollectionViewCell.swift */; };
		6579D3E51B85C01C002B9118 /* AppDelegate.swift in Sources */ = {isa = PBXBuildFile; fileRef = 6579D3E41B85C01C002B9118 /* AppDelegate.swift */; };
		6579D3E71B85C01C002B9118 /* ViewController.swift in Sources */ = {isa = PBXBuildFile; fileRef = 6579D3E61B85C01C002B9118 /* ViewController.swift */; };
		6579D3EA1B85C01C002B9118 /* Main.storyboard in Resources */ = {isa = PBXBuildFile; fileRef = 6579D3E81B85C01C002B9118 /* Main.storyboard */; };
		6579D3EC1B85C01C002B9118 /* Assets.xcassets in Resources */ = {isa = PBXBuildFile; fileRef = 6579D3EB1B85C01C002B9118 /* Assets.xcassets */; };
		6579D3EF1B85C01C002B9118 /* LaunchScreen.storyboard in Resources */ = {isa = PBXBuildFile; fileRef = 6579D3ED1B85C01C002B9118 /* LaunchScreen.storyboard */; };
/* End PBXBuildFile section */

/* Begin PBXFileReference section */
		6522D12B1B85CA600078E83F /* PersonCollectionViewCell.swift */ = {isa = PBXFileReference; fileEncoding = 4; lastKnownFileType = sourcecode.swift; path = PersonCollectionViewCell.swift; sourceTree = "<group>"; };
		6579D3E11B85C01C002B9118 /* Names to Faces.app */ = {isa = PBXFileReference; explicitFileType = wrapper.application; includeInIndex = 0; path = "Names to Faces.app"; sourceTree = BUILT_PRODUCTS_DIR; };
		6579D3E41B85C01C002B9118 /* AppDelegate.swift */ = {isa = PBXFileReference; lastKnownFileType = sourcecode.swift; path = AppDelegate.swift; sourceTree = "<group>"; };
		6579D3E61B85C01C002B9118 /* ViewController.swift */ = {isa = PBXFileReference; lastKnownFileType = sourcecode.swift; path = ViewController.swift; sourceTree = "<group>"; };
		6579D3E91B85C01C002B9118 /* Base */ = {isa = PBXFileReference; lastKnownFileType = file.storyboard; name = Base; path = Base.lproj/Main.storyboard; sourceTree = "<group>"; };
		6579D3EB1B85C01C002B9118 /* Assets.xcassets */ = {isa = PBXFileReference; lastKnownFileType = folder.assetcatalog; path = Assets.xcassets; sourceTree = "<group>"; };
		6579D3EE1B85C01C002B9118 /* Base */ = {isa = PBXFileReference; lastKnownFileType = file.storyboard; name = Base; path = Base.lproj/LaunchScreen.storyboard; sourceTree = "<group>"; };
		6579D3F01B85C01C002B9118 /* Info.plist */ = {isa = PBXFileReference; lastKnownFileType = text.plist.xml; path = Info.plist; sourceTree = "<group>"; };
/* End PBXFileReference section */

/* Begin PBXFrameworksBuildPhase section */
		6579D3DE1B85C01C002B9118 /* Frameworks */ = {
			isa = PBXFrameworksBuildPhase;
			buildActionMask = 2147483647;
			files = (
			);
			runOnlyForDeploymentPostprocessing = 0;
		};
/* End PBXFrameworksBuildPhase section */

/* Begin PBXGroup section */
		6579D3D81B85C01C002B9118 = {
			isa = PBXGroup;
			children = (
				6579D3E31B85C01C002B9118 /* Names to Faces */,
				6579D3E21B85C01C002B9118 /* Products */,
			);
			sourceTree = "<group>";
		};
		6579D3E21B85C01C002B9118 /* Products */ = {
			isa = PBXGroup;
			children = (
				6579D3E11B85C01C002B9118 /* Names to Faces.app */,
			);
			name = Products;
			sourceTree = "<group>";
		};
		6579D3E31B85C01C002B9118 /* Names to Faces */ = {
			isa = PBXGroup;
			children = (
				6579D3E41B85C01C002B9118 /* AppDelegate.swift */,
				6579D3E61B85C01C002B9118 /* ViewController.swift */,
				6579D3E81B85C01C002B9118 /* Main.storyboard */,
				6579D3EB1B85C01C002B9118 /* Assets.xcassets */,
				6579D3ED1B85C01C002B9118 /* LaunchScreen.storyboard */,
				6579D3F01B85C01C002B9118 /* Info.plist */,
				6522D12B1B85CA600078E83F /* PersonCollectionViewCell.swift */,
			);
			path = "Names to Faces";
			sourceTree = "<group>";
		};
/* End PBXGroup section */

/* Begin PBXNativeTarget section */
		6579D3E01B85C01C002B9118 /* Names to Faces */ = {
			isa = PBXNativeTarget;
			buildConfigurationList = 6579D3F31B85C01C002B9118 /* Build configuration list for PBXNativeTarget "Names to Faces" */;
			buildPhases = (
				6579D3DD1B85C01C002B9118 /* Sources */,
				6579D3DE1B85C01C002B9118 /* Frameworks */,
				6579D3DF1B85C01C002B9118 /* Resources */,
			);
			buildRules = (
			);
			dependencies = (
			);
			name = "Names to Faces";
			productName = "Names to Faces";
			productReference = 6579D3E11B85C01C002B9118 /* Names to Faces.app */;
			productType = "com.apple.product-type.application";
		};
/* End PBXNativeTarget section */

/* Begin PBXProject section */
		6579D3D91B85C01C002B9118 /* Project object */ = {
			isa = PBXProject;
			attributes = {
				LastUpgradeCheck = 0700;
				ORGANIZATIONNAME = "Yohannes Wijaya";
				TargetAttributes = {
					6579D3E01B85C01C002B9118 = {
						CreatedOnToolsVersion = 7.0;
					};
				};
			};
			buildConfigurationList = 6579D3DC1B85C01C002B9118 /* Build configuration list for PBXProject "Names to Faces" */;
			compatibilityVersion = "Xcode 3.2";
			developmentRegion = English;
			hasScannedForEncodings = 0;
			knownRegions = (
				en,
				Base,
			);
			mainGroup = 6579D3D81B85C01C002B9118;
			productRefGroup = 6579D3E21B85C01C002B9118 /* Products */;
			projectDirPath = "";
			projectRoot = "";
			targets = (
				6579D3E01B85C01C002B9118 /* Names to Faces */,
			);
		};
/* End PBXProject section */

/* Begin PBXResourcesBuildPhase section */
		6579D3DF1B85C01C002B9118 /* Resources */ = {
			isa = PBXResourcesBuildPhase;
			buildActionMask = 2147483647;
			files = (
				6579D3EF1B85C01C002B9118 /* LaunchScreen.storyboard in Resources */,
				6579D3EC1B85C01C002B9118 /* Assets.xcassets in Resources */,
				6579D3EA1B85C01C002B9118 /* Main.storyboard in Resources */,
			);
			runOnlyForDeploymentPostprocessing = 0;
		};
/* End PBXResourcesBuildPhase section */

/* Begin PBXSourcesBuildPhase section */
		6579D3DD1B85C01C002B9118 /* Sources */ = {
			isa = PBXSourcesBuildPhase;
			buildActionMask = 2147483647;
			files = (
				6579D3E71B85C01C002B9118 /* ViewController.swift in Sources */,
				6522D12C1B85CA600078E83F /* PersonCollectionViewCell.swift in Sources */,
				6579D3E51B85C01C002B9118 /* AppDelegate.swift in Sources */,
			);
			runOnlyForDeploymentPostprocessing = 0;
		};
/* End PBXSourcesBuildPhase section */

/* Begin PBXVariantGroup section */
		6579D3E81B85C01C002B9118 /* Main.storyboard */ = {
			isa = PBXVariantGroup;
			children = (
				6579D3E91B85C01C002B9118 /* Base */,
			);
			name = Main.storyboard;
			sourceTree = "<group>";
		};
		6579D3ED1B85C01C002B9118 /* LaunchScreen.storyboard */ = {
			isa = PBXVariantGroup;
			children = (
				6579D3EE1B85C01C002B9118 /* Base */,
			);
			name = LaunchScreen.storyboard;
			sourceTree = "<group>";
		};
/* End PBXVariantGroup section */

/* Begin XCBuildConfiguration section */
		6579D3F11B85C01C002B9118 /* Debug */ = {
			isa = XCBuildConfiguration;
			buildSettings = {
				ALWAYS_SEARCH_USER_PATHS = NO;
				CLANG_CXX_LANGUAGE_STANDARD = "gnu++0x";
				CLANG_CXX_LIBRARY = "libc++";
				CLANG_ENABLE_MODULES = YES;
				CLANG_ENABLE_OBJC_ARC = YES;
				CLANG_WARN_BOOL_CONVERSION = YES;
				CLANG_WARN_CONSTANT_CONVERSION = YES;
				CLANG_WARN_DIRECT_OBJC_ISA_USAGE = YES_ERROR;
				CLANG_WARN_EMPTY_BODY = YES;
				CLANG_WARN_ENUM_CONVERSION = YES;
				CLANG_WARN_INT_CONVERSION = YES;
				CLANG_WARN_OBJC_ROOT_CLASS = YES_ERROR;
				CLANG_WARN_UNREACHABLE_CODE = YES;
				CLANG_WARN__DUPLICATE_METHOD_MATCH = YES;
				"CODE_SIGN_IDENTITY[sdk=iphoneos*]" = "iPhone Developer";
				COPY_PHASE_STRIP = NO;
				DEBUG_INFORMATION_FORMAT = dwarf;
				ENABLE_STRICT_OBJC_MSGSEND = YES;
				ENABLE_TESTABILITY = YES;
				GCC_C_LANGUAGE_STANDARD = gnu99;
				GCC_DYNAMIC_NO_PIC = NO;
				GCC_NO_COMMON_BLOCKS = YES;
				GCC_OPTIMIZATION_LEVEL = 0;
				GCC_PREPROCESSOR_DEFINITIONS = (
					"DEBUG=1",
					"$(inherited)",
				);
				GCC_WARN_64_TO_32_BIT_CONVERSION = YES;
				GCC_WARN_ABOUT_RETURN_TYPE = YES_ERROR;
				GCC_WARN_UNDECLARED_SELECTOR = YES;
				GCC_WARN_UNINITIALIZED_AUTOS = YES_AGGRESSIVE;
				GCC_WARN_UNUSED_FUNCTION = YES;
				GCC_WARN_UNUSED_VARIABLE = YES;
				IPHONEOS_DEPLOYMENT_TARGET = 9.0;
				MTL_ENABLE_DEBUG_INFO = YES;
				ONLY_ACTIVE_ARCH = YES;
				SDKROOT = iphoneos;
				SWIFT_OPTIMIZATION_LEVEL = "-Onone";
			};
			name = Debug;
		};
		6579D3F21B85C01C002B9118 /* Release */ = {
			isa = XCBuildConfiguration;
			buildSettings = {
				ALWAYS_SEARCH_USER_PATHS = NO;
				CLANG_CXX_LANGUAGE_STANDARD = "gnu++0x";
				CLANG_CXX_LIBRARY = "libc++";
				CLANG_ENABLE_MODULES = YES;
				CLANG_ENABLE_OBJC_ARC = YES;
				CLANG_WARN_BOOL_CONVERSION = YES;
				CLANG_WARN_CONSTANT_CONVERSION = YES;
				CLANG_WARN_DIRECT_OBJC_ISA_USAGE = YES_ERROR;
				CLANG_WARN_EMPTY_BODY = YES;
				CLANG_WARN_ENUM_CONVERSION = YES;
				CLANG_WARN_INT_CONVERSION = YES;
				CLANG_WARN_OBJC_ROOT_CLASS = YES_ERROR;
				CLANG_WARN_UNREACHABLE_CODE = YES;
				CLANG_WARN__DUPLICATE_METHOD_MATCH = YES;
				"CODE_SIGN_IDENTITY[sdk=iphoneos*]" = "iPhone Developer";
				COPY_PHASE_STRIP = NO;
				DEBUG_INFORMATION_FORMAT = "dwarf-with-dsym";
				ENABLE_NS_ASSERTIONS = NO;
				ENABLE_STRICT_OBJC_MSGSEND = YES;
				GCC_C_LANGUAGE_STANDARD = gnu99;
				GCC_NO_COMMON_BLOCKS = YES;
				GCC_WARN_64_TO_32_BIT_CONVERSION = YES;
				GCC_WARN_ABOUT_RETURN_TYPE = YES_ERROR;
				GCC_WARN_UNDECLARED_SELECTOR = YES;
				GCC_WARN_UNINITIALIZED_AUTOS = YES_AGGRESSIVE;
				GCC_WARN_UNUSED_FUNCTION = YES;
				GCC_WARN_UNUSED_VARIABLE = YES;
				IPHONEOS_DEPLOYMENT_TARGET = 9.0;
				MTL_ENABLE_DEBUG_INFO = NO;
				SDKROOT = iphoneos;
				VALIDATE_PRODUCT = YES;
			};
			name = Release;
		};
		6579D3F41B85C01C002B9118 /* Debug */ = {
			isa = XCBuildConfiguration;
			buildSettings = {
				ASSETCATALOG_COMPILER_APPICON_NAME = AppIcon;
				INFOPLIST_FILE = "Names to Faces/Info.plist";
				LD_RUNPATH_SEARCH_PATHS = "$(inherited) @executable_path/Frameworks";
				PRODUCT_BUNDLE_IDENTIFIER = "org.example.Names-to-Faces";
				PRODUCT_NAME = "$(TARGET_NAME)";
			};
			name = Debug;
		};
		6579D3F51B85C01C002B9118 /* Release */ = {
			isa = XCBuildConfiguration;
			buildSettings = {
				ASSETCATALOG_COMPILER_APPICON_NAME = AppIcon;
				INFOPLIST_FILE = "Names to Faces/Info.plist";
				LD_RUNPATH_SEARCH_PATHS = "$(inherited) @executable_path/Frameworks";
				PRODUCT_BUNDLE_IDENTIFIER = "org.example.Names-to-Faces";
				PRODUCT_NAME = "$(TARGET_NAME)";
			};
			name = Release;
		};
/* End XCBuildConfiguration section */

/* Begin XCConfigurationList section */
		6579D3DC1B85C01C002B9118 /* Build configuration list for PBXProject "Names to Faces" */ = {
			isa = XCConfigurationList;
			buildConfigurations = (
				6579D3F11B85C01C002B9118 /* Debug */,
				6579D3F21B85C01C002B9118 /* Release */,
			);
			defaultConfigurationIsVisible = 0;
			defaultConfigurationName = Release;
		};
		6579D3F31B85C01C002B9118 /* Build configuration list for PBXNativeTarget "Names to Faces" */ = {
			isa = XCConfigurationList;
			buildConfigurations = (
				6579D3F41B85C01C002B9118 /* Debug */,
				6579D3F51B85C01C002B9118 /* Release */,
			);
			defaultConfigurationIsVisible = 0;
			defaultConfigurationName = Release;
		};
/* End XCConfigurationList section */
	};
	rootObject = 6579D3D91B85C01C002B9118 /* Project object */;
}
